
Microsoft Visual Studio Solution File, Format Version 12.00
# Visual Studio Version 16
VisualStudioVersion = 16.0.31112.23
MinimumVisualStudioVersion = 10.0.40219.1
Project("{FAE04EC0-301F-11D3-BF4B-00C04F79EFBC}") = "BezierCurves", "BezierCurves\BezierCurves.csproj", "{1EBD9045-4057-496D-BC5E-EACFBF33D107}"
EndProject
Global
	GlobalSection(SolutionConfigurationPlatforms) = preSolution
		Debug|Any CPU = Debug|Any CPU
		Release|Any CPU = Release|Any CPU
	EndGlobalSection
	GlobalSection(ProjectConfigurationPlatforms) = postSolution
		{1EBD9045-4057-496D-BC5E-EACFBF33D107}.Debug|Any CPU.ActiveCfg = Debug|Any CPU
		{1EBD9045-4057-496D-BC5E-EACFBF33D107}.Debug|Any CPU.Build.0 = Debug|Any CPU
		{1EBD9045-4057-496D-BC5E-EACFBF33D107}.Release|Any CPU.ActiveCfg = Release|Any CPU
		{1EBD9045-4057-496D-BC5E-EACFBF33D107}.Release|Any CPU.Build.0 = Release|Any CPU
	EndGlobalSection
	GlobalSection(SolutionProperties) = preSolution
		HideSolutionNode = FALSE
	EndGlobalSection
	GlobalSection(ExtensibilityGlobals) = postSolution
		SolutionGuid = {245C65A5-F65E-456F-ABC1-6C00805155B2}
	EndGlobalSection
EndGlobal
