
Microsoft Visual Studio Solution File, Format Version 12.00
# Visual Studio Version 16
VisualStudioVersion = 16.0.31112.23
MinimumVisualStudioVersion = 10.0.40219.1
Project("{FAE04EC0-301F-11D3-BF4B-00C04F79EFBC}") = "ColorConverting", "ColorConverting\ColorConverting.csproj", "{148BC0FA-25FC-4550-A130-3E10BCF67955}"
EndProject
Global
	GlobalSection(SolutionConfigurationPlatforms) = preSolution
		Debug|Any CPU = Debug|Any CPU
		Release|Any CPU = Release|Any CPU
	EndGlobalSection
	GlobalSection(ProjectConfigurationPlatforms) = postSolution
		{148BC0FA-25FC-4550-A130-3E10BCF67955}.Debug|Any CPU.ActiveCfg = Debug|Any CPU
		{148BC0FA-25FC-4550-A130-3E10BCF67955}.Debug|Any CPU.Build.0 = Debug|Any CPU
		{148BC0FA-25FC-4550-A130-3E10BCF67955}.Release|Any CPU.ActiveCfg = Release|Any CPU
		{148BC0FA-25FC-4550-A130-3E10BCF67955}.Release|Any CPU.Build.0 = Release|Any CPU
	EndGlobalSection
	GlobalSection(SolutionProperties) = preSolution
		HideSolutionNode = FALSE
	EndGlobalSection
	GlobalSection(ExtensibilityGlobals) = postSolution
		SolutionGuid = {8E342D77-1BE5-4BD5-B728-D90FCBD7B59B}
	EndGlobalSection
EndGlobal
