
Microsoft Visual Studio Solution File, Format Version 12.00
# Visual Studio Version 16
VisualStudioVersion = 16.0.31727.386
MinimumVisualStudioVersion = 10.0.40219.1
Project("{8BC9CEB8-8B4A-11D0-8D11-00A0C91BC942}") = "Opengl_1", "Opengl_1.vcxproj", "{0A168AEE-169C-4CB4-B1D9-EFCFF6C6C326}"
EndProject
Global
	GlobalSection(SolutionConfigurationPlatforms) = preSolution
		Debug|x64 = Debug|x64
		Debug|x86 = Debug|x86
		Release|x64 = Release|x64
		Release|x86 = Release|x86
	EndGlobalSection
	GlobalSection(ProjectConfigurationPlatforms) = postSolution
		{0A168AEE-169C-4CB4-B1D9-EFCFF6C6C326}.Debug|x64.ActiveCfg = Debug|x64
		{0A168AEE-169C-4CB4-B1D9-EFCFF6C6C326}.Debug|x64.Build.0 = Debug|x64
		{0A168AEE-169C-4CB4-B1D9-EFCFF6C6C326}.Debug|x86.ActiveCfg = Debug|Win32
		{0A168AEE-169C-4CB4-B1D9-EFCFF6C6C326}.Debug|x86.Build.0 = Debug|Win32
		{0A168AEE-169C-4CB4-B1D9-EFCFF6C6C326}.Release|x64.ActiveCfg = Release|x64
		{0A168AEE-169C-4CB4-B1D9-EFCFF6C6C326}.Release|x64.Build.0 = Release|x64
		{0A168AEE-169C-4CB4-B1D9-EFCFF6C6C326}.Release|x86.ActiveCfg = Release|Win32
		{0A168AEE-169C-4CB4-B1D9-EFCFF6C6C326}.Release|x86.Build.0 = Release|Win32
	EndGlobalSection
	GlobalSection(SolutionProperties) = preSolution
		HideSolutionNode = FALSE
	EndGlobalSection
	GlobalSection(ExtensibilityGlobals) = postSolution
		SolutionGuid = {28E55634-F976-47E8-AE4E-D480260B6970}
	EndGlobalSection
EndGlobal
